
Microsoft Visual Studio Solution File, Format Version 12.00
Project("{FAE04EC0-301F-11D3-BF4B-00C04F79EFBC}") = "Core", "src\Core\Core.csproj", "{07835A82-3F19-4711-BCFE-34BE009620C7}"
EndProject
Project("{FAE04EC0-301F-11D3-BF4B-00C04F79EFBC}") = "Tests", "src\Tests\Tests.csproj", "{6144BB45-500B-441F-B647-53CD5AA9C96D}"
EndProject
Global
	GlobalSection(SolutionConfigurationPlatforms) = preSolution
		Debug|Any CPU = Debug|Any CPU
		Release|Any CPU = Release|Any CPU
	EndGlobalSection
	GlobalSection(ProjectConfigurationPlatforms) = postSolution
		{07835A82-3F19-4711-BCFE-34BE009620C7}.Debug|Any CPU.ActiveCfg = Debug|Any CPU
		{07835A82-3F19-4711-BCFE-34BE009620C7}.Debug|Any CPU.Build.0 = Debug|Any CPU
		{07835A82-3F19-4711-BCFE-34BE009620C7}.Release|Any CPU.ActiveCfg = Release|Any CPU
		{07835A82-3F19-4711-BCFE-34BE009620C7}.Release|Any CPU.Build.0 = Release|Any CPU
		{6144BB45-500B-441F-B647-53CD5AA9C96D}.Debug|Any CPU.ActiveCfg = Debug|Any CPU
		{6144BB45-500B-441F-B647-53CD5AA9C96D}.Debug|Any CPU.Build.0 = Debug|Any CPU
		{6144BB45-500B-441F-B647-53CD5AA9C96D}.Release|Any CPU.ActiveCfg = Release|Any CPU
		{6144BB45-500B-441F-B647-53CD5AA9C96D}.Release|Any CPU.Build.0 = Release|Any CPU
	EndGlobalSection
EndGlobal
